
Microsoft Visual Studio Solution File, Format Version 12.00
# Visual Studio Version 17
VisualStudioVersion = 17.5.33530.505
MinimumVisualStudioVersion = 10.0.40219.1
Project("{FAE04EC0-301F-11D3-BF4B-00C04F79EFBC}") = "AppLanchonete", "AppLanchonete\AppLanchonete.csproj", "{45E6E8F6-9C7E-43FE-85E0-8CA30E12A8CB}"
EndProject
Global
	GlobalSection(SolutionConfigurationPlatforms) = preSolution
		Debug|Any CPU = Debug|Any CPU
		Release|Any CPU = Release|Any CPU
	EndGlobalSection
	GlobalSection(ProjectConfigurationPlatforms) = postSolution
		{45E6E8F6-9C7E-43FE-85E0-8CA30E12A8CB}.Debug|Any CPU.ActiveCfg = Debug|Any CPU
		{45E6E8F6-9C7E-43FE-85E0-8CA30E12A8CB}.Debug|Any CPU.Build.0 = Debug|Any CPU
		{45E6E8F6-9C7E-43FE-85E0-8CA30E12A8CB}.Release|Any CPU.ActiveCfg = Release|Any CPU
		{45E6E8F6-9C7E-43FE-85E0-8CA30E12A8CB}.Release|Any CPU.Build.0 = Release|Any CPU
	EndGlobalSection
	GlobalSection(SolutionProperties) = preSolution
		HideSolutionNode = FALSE
	EndGlobalSection
	GlobalSection(ExtensibilityGlobals) = postSolution
		SolutionGuid = {114D8FB0-C917-4797-8BFC-1A33351B6384}
	EndGlobalSection
EndGlobal
